
Microsoft Visual Studio Solution File, Format Version 12.00
# Visual Studio Version 17
VisualStudioVersion = 17.11.35208.52
MinimumVisualStudioVersion = 10.0.40219.1
Project("{FAE04EC0-301F-11D3-BF4B-00C04F79EFBC}") = "NodoArbol", "NodoArbol.csproj", "{C20726DB-3381-4D17-B074-EF0A4220EF59}"
EndProject
Global
	GlobalSection(SolutionConfigurationPlatforms) = preSolution
		Debug|Any CPU = Debug|Any CPU
		Release|Any CPU = Release|Any CPU
	EndGlobalSection
	GlobalSection(ProjectConfigurationPlatforms) = postSolution
		{C20726DB-3381-4D17-B074-EF0A4220EF59}.Debug|Any CPU.ActiveCfg = Debug|Any CPU
		{C20726DB-3381-4D17-B074-EF0A4220EF59}.Debug|Any CPU.Build.0 = Debug|Any CPU
		{C20726DB-3381-4D17-B074-EF0A4220EF59}.Release|Any CPU.ActiveCfg = Release|Any CPU
		{C20726DB-3381-4D17-B074-EF0A4220EF59}.Release|Any CPU.Build.0 = Release|Any CPU
	EndGlobalSection
	GlobalSection(SolutionProperties) = preSolution
		HideSolutionNode = FALSE
	EndGlobalSection
	GlobalSection(ExtensibilityGlobals) = postSolution
		SolutionGuid = {2BB1EE2F-B67B-4737-9015-3FAE846EF8DB}
	EndGlobalSection
EndGlobal
